
Microsoft Visual Studio Solution File, Format Version 12.00
# Visual Studio Version 17
VisualStudioVersion = 17.10.35013.160
MinimumVisualStudioVersion = 10.0.40219.1
Project("{FAE04EC0-301F-11D3-BF4B-00C04F79EFBC}") = "WEBAPI", "WEBAPI\WEBAPI.csproj", "{7108F6DB-D275-474A-9834-8A8F0BFB0059}"
EndProject
Global
	GlobalSection(SolutionConfigurationPlatforms) = preSolution
		Debug|Any CPU = Debug|Any CPU
		Release|Any CPU = Release|Any CPU
	EndGlobalSection
	GlobalSection(ProjectConfigurationPlatforms) = postSolution
		{7108F6DB-D275-474A-9834-8A8F0BFB0059}.Debug|Any CPU.ActiveCfg = Debug|Any CPU
		{7108F6DB-D275-474A-9834-8A8F0BFB0059}.Debug|Any CPU.Build.0 = Debug|Any CPU
		{7108F6DB-D275-474A-9834-8A8F0BFB0059}.Release|Any CPU.ActiveCfg = Release|Any CPU
		{7108F6DB-D275-474A-9834-8A8F0BFB0059}.Release|Any CPU.Build.0 = Release|Any CPU
	EndGlobalSection
	GlobalSection(SolutionProperties) = preSolution
		HideSolutionNode = FALSE
	EndGlobalSection
	GlobalSection(ExtensibilityGlobals) = postSolution
		SolutionGuid = {FB2246A8-1E9A-48E8-A7D7-BF43BF98B387}
	EndGlobalSection
EndGlobal
